// !$*UTF8*$!
{
	archiveVersion = 1;
	classes = {
	};
	objectVersion = 48;
	objects = {

/* Begin PBXBuildFile section */
		26719FAD1FA2D8700097F823 /* AppDelegate.m in Sources */ = {isa = PBXBuildFile; fileRef = 26719FAC1FA2D8700097F823 /* AppDelegate.m */; };
		26719FB01FA2D8700097F823 /* ViewController.m in Sources */ = {isa = PBXBuildFile; fileRef = 26719FAF1FA2D8700097F823 /* ViewController.m */; };
		26719FB31FA2D8700097F823 /* Main.storyboard in Resources */ = {isa = PBXBuildFile; fileRef = 26719FB11FA2D8700097F823 /* Main.storyboard */; };
		26719FB51FA2D8700097F823 /* Assets.xcassets in Resources */ = {isa = PBXBuildFile; fileRef = 26719FB41FA2D8700097F823 /* Assets.xcassets */; };
		26719FB81FA2D8700097F823 /* LaunchScreen.storyboard in Resources */ = {isa = PBXBuildFile; fileRef = 26719FB61FA2D8700097F823 /* LaunchScreen.storyboard */; };
		26719FBB1FA2D8700097F823 /* main.m in Sources */ = {isa = PBXBuildFile; fileRef = 26719FBA1FA2D8700097F823 /* main.m */; };
/* End PBXBuildFile section */

/* Begin PBXFileReference section */
		26719FA81FA2D8700097F823 /* Gittest.app */ = {isa = PBXFileReference; explicitFileType = wrapper.application; includeInIndex = 0; path = Gittest.app; sourceTree = BUILT_PRODUCTS_DIR; };
		26719FAB1FA2D8700097F823 /* AppDelegate.h */ = {isa = PBXFileReference; lastKnownFileType = sourcecode.c.h; path = AppDelegate.h; sourceTree = "<group>"; };
		26719FAC1FA2D8700097F823 /* AppDelegate.m */ = {isa = PBXFileReference; lastKnownFileType = sourcecode.c.objc; path = AppDelegate.m; sourceTree = "<group>"; };
		26719FAE1FA2D8700097F823 /* ViewController.h */ = {isa = PBXFileReference; lastKnownFileType = sourcecode.c.h; path = ViewController.h; sourceTree = "<group>"; };
		26719FAF1FA2D8700097F823 /* ViewController.m */ = {isa = PBXFileReference; lastKnownFileType = sourcecode.c.objc; path = ViewController.m; sourceTree = "<group>"; };
		26719FB21FA2D8700097F823 /* Base */ = {isa = PBXFileReference; lastKnownFileType = file.storyboard; name = Base; path = Base.lproj/Main.storyboard; sourceTree = "<group>"; };
		26719FB41FA2D8700097F823 /* Assets.xcassets */ = {isa = PBXFileReference; lastKnownFileType = folder.assetcatalog; path = Assets.xcassets; sourceTree = "<group>"; };
		26719FB71FA2D8700097F823 /* Base */ = {isa = PBXFileReference; lastKnownFileType = file.storyboard; name = Base; path = Base.lproj/LaunchScreen.storyboard; sourceTree = "<group>"; };
		26719FB91FA2D8700097F823 /* Info.plist */ = {isa = PBXFileReference; lastKnownFileType = text.plist.xml; path = Info.plist; sourceTree = "<group>"; };
		26719FBA1FA2D8700097F823 /* main.m */ = {isa = PBXFileReference; lastKnownFileType = sourcecode.c.objc; path = main.m; sourceTree = "<group>"; };
/* End PBXFileReference section */

/* Begin PBXFrameworksBuildPhase section */
		26719FA51FA2D8700097F823 /* Frameworks */ = {
			isa = PBXFrameworksBuildPhase;
			buildActionMask = 2147483647;
			files = (
			);
			runOnlyForDeploymentPostprocessing = 0;
		};
/* End PBXFrameworksBuildPhase section */

/* Begin PBXGroup section */
		26719F9F1FA2D8700097F823 = {
			isa = PBXGroup;
			children = (
				26719FAA1FA2D8700097F823 /* Gittest */,
				26719FA91FA2D8700097F823 /* Products */,
			);
			sourceTree = "<group>";
		};
		26719FA91FA2D8700097F823 /* Products */ = {
			isa = PBXGroup;
			children = (
				26719FA81FA2D8700097F823 /* Gittest.app */,
			);
			name = Products;
			sourceTree = "<group>";
		};
		26719FAA1FA2D8700097F823 /* Gittest */ = {
			isa = PBXGroup;
			children = (
				26719FAB1FA2D8700097F823 /* AppDelegate.h */,
				26719FAC1FA2D8700097F823 /* AppDelegate.m */,
				26719FAE1FA2D8700097F823 /* ViewController.h */,
				26719FAF1FA2D8700097F823 /* ViewController.m */,
				26719FB11FA2D8700097F823 /* Main.storyboard */,
				26719FB41FA2D8700097F823 /* Assets.xcassets */,
				26719FB61FA2D8700097F823 /* LaunchScreen.storyboard */,
				26719FB91FA2D8700097F823 /* Info.plist */,
				26719FBA1FA2D8700097F823 /* main.m */,
			);
			path = Gittest;
			sourceTree = "<group>";
		};
/* End PBXGroup section */

/* Begin PBXNativeTarget section */
		26719FA71FA2D8700097F823 /* Gittest */ = {
			isa = PBXNativeTarget;
			buildConfigurationList = 26719FBE1FA2D8700097F823 /* Build configuration list for PBXNativeTarget "Gittest" */;
			buildPhases = (
				26719FA41FA2D8700097F823 /* Sources */,
				26719FA51FA2D8700097F823 /* Frameworks */,
				26719FA61FA2D8700097F823 /* Resources */,
			);
			buildRules = (
			);
			dependencies = (
			);
			name = Gittest;
			productName = Gittest;
			productReference = 26719FA81FA2D8700097F823 /* Gittest.app */;
			productType = "com.apple.product-type.application";
		};
/* End PBXNativeTarget section */

/* Begin PBXProject section */
		26719FA01FA2D8700097F823 /* Project object */ = {
			isa = PBXProject;
			attributes = {
				LastUpgradeCheck = 0900;
				ORGANIZATIONNAME = qing;
				TargetAttributes = {
					26719FA71FA2D8700097F823 = {
						CreatedOnToolsVersion = 9.0.1;
						ProvisioningStyle = Automatic;
					};
				};
			};
			buildConfigurationList = 26719FA31FA2D8700097F823 /* Build configuration list for PBXProject "Gittest" */;
			compatibilityVersion = "Xcode 8.0";
			developmentRegion = en;
			hasScannedForEncodings = 0;
			knownRegions = (
				en,
				Base,
			);
			mainGroup = 26719F9F1FA2D8700097F823;
			productRefGroup = 26719FA91FA2D8700097F823 /* Products */;
			projectDirPath = "";
			projectRoot = "";
			targets = (
				26719FA71FA2D8700097F823 /* Gittest */,
			);
		};
/* End PBXProject section */

/* Begin PBXResourcesBuildPhase section */
		26719FA61FA2D8700097F823 /* Resources */ = {
			isa = PBXResourcesBuildPhase;
			buildActionMask = 2147483647;
			files = (
				26719FB81FA2D8700097F823 /* LaunchScreen.storyboard in Resources */,
				26719FB51FA2D8700097F823 /* Assets.xcassets in Resources */,
				26719FB31FA2D8700097F823 /* Main.storyboard in Resources */,
			);
			runOnlyForDeploymentPostprocessing = 0;
		};
/* End PBXResourcesBuildPhase section */

/* Begin PBXSourcesBuildPhase section */
		26719FA41FA2D8700097F823 /* Sources */ = {
			isa = PBXSourcesBuildPhase;
			buildActionMask = 2147483647;
			files = (
				26719FB01FA2D8700097F823 /* ViewController.m in Sources */,
				26719FBB1FA2D8700097F823 /* main.m in Sources */,
				26719FAD1FA2D8700097F823 /* AppDelegate.m in Sources */,
			);
			runOnlyForDeploymentPostprocessing = 0;
		};
/* End PBXSourcesBuildPhase section */

/* Begin PBXVariantGroup section */
		26719FB11FA2D8700097F823 /* Main.storyboard */ = {
			isa = PBXVariantGroup;
			children = (
				26719FB21FA2D8700097F823 /* Base */,
			);
			name = Main.storyboard;
			sourceTree = "<group>";
		};
		26719FB61FA2D8700097F823 /* LaunchScreen.storyboard */ = {
			isa = PBXVariantGroup;
			children = (
				26719FB71FA2D8700097F823 /* Base */,
			);
			name = LaunchScreen.storyboard;
			sourceTree = "<group>";
		};
/* End PBXVariantGroup section */

/* Begin XCBuildConfiguration section */
		26719FBC1FA2D8700097F823 /* Debug */ = {
			isa = XCBuildConfiguration;
			buildSettings = {
				ALWAYS_SEARCH_USER_PATHS = NO;
				CLANG_ANALYZER_NONNULL = YES;
				CLANG_ANALYZER_NUMBER_OBJECT_CONVERSION = YES_AGGRESSIVE;
				CLANG_CXX_LANGUAGE_STANDARD = "gnu++14";
				CLANG_CXX_LIBRARY = "libc++";
				CLANG_ENABLE_MODULES = YES;
				CLANG_ENABLE_OBJC_ARC = YES;
				CLANG_WARN_BLOCK_CAPTURE_AUTORELEASING = YES;
				CLANG_WARN_BOOL_CONVERSION = YES;
				CLANG_WARN_COMMA = YES;
				CLANG_WARN_CONSTANT_CONVERSION = YES;
				CLANG_WARN_DIRECT_OBJC_ISA_USAGE = YES_ERROR;
				CLANG_WARN_DOCUMENTATION_COMMENTS = YES;
				CLANG_WARN_EMPTY_BODY = YES;
				CLANG_WARN_ENUM_CONVERSION = YES;
				CLANG_WARN_INFINITE_RECURSION = YES;
				CLANG_WARN_INT_CONVERSION = YES;
				CLANG_WARN_NON_LITERAL_NULL_CONVERSION = YES;
				CLANG_WARN_OBJC_LITERAL_CONVERSION = YES;
				CLANG_WARN_OBJC_ROOT_CLASS = YES_ERROR;
				CLANG_WARN_RANGE_LOOP_ANALYSIS = YES;
				CLANG_WARN_STRICT_PROTOTYPES = YES;
				CLANG_WARN_SUSPICIOUS_MOVE = YES;
				CLANG_WARN_UNGUARDED_AVAILABILITY = YES_AGGRESSIVE;
				CLANG_WARN_UNREACHABLE_CODE = YES;
				CLANG_WARN__DUPLICATE_METHOD_MATCH = YES;
				CODE_SIGN_IDENTITY = "iPhone Developer";
				COPY_PHASE_STRIP = NO;
				DEBUG_INFORMATION_FORMAT = dwarf;
				ENABLE_STRICT_OBJC_MSGSEND = YES;
				ENABLE_TESTABILITY = YES;
				GCC_C_LANGUAGE_STANDARD = gnu11;
				GCC_DYNAMIC_NO_PIC = NO;
				GCC_NO_COMMON_BLOCKS = YES;
				GCC_OPTIMIZATION_LEVEL = 0;
				GCC_PREPROCESSOR_DEFINITIONS = (
					"DEBUG=1",
					"$(inherited)",
				);
				GCC_WARN_64_TO_32_BIT_CONVERSION = YES;
				GCC_WARN_ABOUT_RETURN_TYPE = YES_ERROR;
				GCC_WARN_UNDECLARED_SELECTOR = YES;
				GCC_WARN_UNINITIALIZED_AUTOS = YES_AGGRESSIVE;
				GCC_WARN_UNUSED_FUNCTION = YES;
				GCC_WARN_UNUSED_VARIABLE = YES;
				IPHONEOS_DEPLOYMENT_TARGET = 11.0;
				MTL_ENABLE_DEBUG_INFO = YES;
				ONLY_ACTIVE_ARCH = YES;
				SDKROOT = iphoneos;
			};
			name = Debug;
		};
		26719FBD1FA2D8700097F823 /* Release */ = {
			isa = XCBuildConfiguration;
			buildSettings = {
				ALWAYS_SEARCH_USER_PATHS = NO;
				CLANG_ANALYZER_NONNULL = YES;
				CLANG_ANALYZER_NUMBER_OBJECT_CONVERSION = YES_AGGRESSIVE;
				CLANG_CXX_LANGUAGE_STANDARD = "gnu++14";
				CLANG_CXX_LIBRARY = "libc++";
				CLANG_ENABLE_MODULES = YES;
				CLANG_ENABLE_OBJC_ARC = YES;
				CLANG_WARN_BLOCK_CAPTURE_AUTORELEASING = YES;
				CLANG_WARN_BOOL_CONVERSION = YES;
				CLANG_WARN_COMMA = YES;
				CLANG_WARN_CONSTANT_CONVERSION = YES;
				CLANG_WARN_DIRECT_OBJC_ISA_USAGE = YES_ERROR;
				CLANG_WARN_DOCUMENTATION_COMMENTS = YES;
				CLANG_WARN_EMPTY_BODY = YES;
				CLANG_WARN_ENUM_CONVERSION = YES;
				CLANG_WARN_INFINITE_RECURSION = YES;
				CLANG_WARN_INT_CONVERSION = YES;
				CLANG_WARN_NON_LITERAL_NULL_CONVERSION = YES;
				CLANG_WARN_OBJC_LITERAL_CONVERSION = YES;
				CLANG_WARN_OBJC_ROOT_CLASS = YES_ERROR;
				CLANG_WARN_RANGE_LOOP_ANALYSIS = YES;
				CLANG_WARN_STRICT_PROTOTYPES = YES;
				CLANG_WARN_SUSPICIOUS_MOVE = YES;
				CLANG_WARN_UNGUARDED_AVAILABILITY = YES_AGGRESSIVE;
				CLANG_WARN_UNREACHABLE_CODE = YES;
				CLANG_WARN__DUPLICATE_METHOD_MATCH = YES;
				CODE_SIGN_IDENTITY = "iPhone Developer";
				COPY_PHASE_STRIP = NO;
				DEBUG_INFORMATION_FORMAT = "dwarf-with-dsym";
				ENABLE_NS_ASSERTIONS = NO;
				ENABLE_STRICT_OBJC_MSGSEND = YES;
				GCC_C_LANGUAGE_STANDARD = gnu11;
				GCC_NO_COMMON_BLOCKS = YES;
				GCC_WARN_64_TO_32_BIT_CONVERSION = YES;
				GCC_WARN_ABOUT_RETURN_TYPE = YES_ERROR;
				GCC_WARN_UNDECLARED_SELECTOR = YES;
				GCC_WARN_UNINITIALIZED_AUTOS = YES_AGGRESSIVE;
				GCC_WARN_UNUSED_FUNCTION = YES;
				GCC_WARN_UNUSED_VARIABLE = YES;
				IPHONEOS_DEPLOYMENT_TARGET = 11.0;
				MTL_ENABLE_DEBUG_INFO = NO;
				SDKROOT = iphoneos;
				VALIDATE_PRODUCT = YES;
			};
			name = Release;
		};
		26719FBF1FA2D8700097F823 /* Debug */ = {
			isa = XCBuildConfiguration;
			buildSettings = {
				ASSETCATALOG_COMPILER_APPICON_NAME = AppIcon;
				CODE_SIGN_STYLE = Automatic;
				INFOPLIST_FILE = Gittest/Info.plist;
				LD_RUNPATH_SEARCH_PATHS = "$(inherited) @executable_path/Frameworks";
				PRODUCT_BUNDLE_IDENTIFIER = qing.Gittest;
				PRODUCT_NAME = "$(TARGET_NAME)";
				TARGETED_DEVICE_FAMILY = "1,2";
			};
			name = Debug;
		};
		26719FC01FA2D8700097F823 /* Release */ = {
			isa = XCBuildConfiguration;
			buildSettings = {
				ASSETCATALOG_COMPILER_APPICON_NAME = AppIcon;
				CODE_SIGN_STYLE = Automatic;
				INFOPLIST_FILE = Gittest/Info.plist;
				LD_RUNPATH_SEARCH_PATHS = "$(inherited) @executable_path/Frameworks";
				PRODUCT_BUNDLE_IDENTIFIER = qing.Gittest;
				PRODUCT_NAME = "$(TARGET_NAME)";
				TARGETED_DEVICE_FAMILY = "1,2";
			};
			name = Release;
		};
/* End XCBuildConfiguration section */

/* Begin XCConfigurationList section */
		26719FA31FA2D8700097F823 /* Build configuration list for PBXProject "Gittest" */ = {
			isa = XCConfigurationList;
			buildConfigurations = (
				26719FBC1FA2D8700097F823 /* Debug */,
				26719FBD1FA2D8700097F823 /* Release */,
			);
			defaultConfigurationIsVisible = 0;
			defaultConfigurationName = Release;
		};
		26719FBE1FA2D8700097F823 /* Build configuration list for PBXNativeTarget "Gittest" */ = {
			isa = XCConfigurationList;
			buildConfigurations = (
				26719FBF1FA2D8700097F823 /* Debug */,
				26719FC01FA2D8700097F823 /* Release */,
			);
			defaultConfigurationIsVisible = 0;
			defaultConfigurationName = Release;
		};
/* End XCConfigurationList section */
	};
	rootObject = 26719FA01FA2D8700097F823 /* Project object */;
}
